{
  "name": "memoizeit",
  "version": "0.0.5",
  "lockfileVersion": 3,
  "requires": true,
  "packages": {
    "": {
      "name": "memoizeit",
      "version": "0.0.5",
      "license": "MIT",
      "devDependencies": {
        "memoizeit": "^0.0.5"
      }
    },
    "node_modules/memoizeit": {
      "version": "0.0.5",
      "resolved": "https://registry.npmjs.org/memoizeit/-/memoizeit-0.0.5.tgz",
      "integrity": "sha512-rIhU/ch3ySGm4gldGH0LukpQOd+jHXRHW3aRu90Z4s4sRmR7aBayTFFJhSpx2FLRkvajQQk1JO6PduDsImZWag==",
      "dev": true,
      "dependencies": {
        "memoizeit": "*"
      }
    }
  }
}
