{
  "name": "memoizeit",
  "version": "0.0.2",
  "lockfileVersion": 3,
  "requires": true,
  "packages": {
    "": {
      "name": "memoizeit",
      "version": "0.0.2",
      "license": "MIT",
      "dependencies": {
        "memoizeit": "*"
      }
    },
    "node_modules/memoizeit": {
      "version": "0.0.2",
      "resolved": "https://registry.npmjs.org/memoizeit/-/memoizeit-0.0.2.tgz",
      "integrity": "sha512-T0FajTdMlduW/1K7GlBLG5oEdXbDlHS+qJliyAZ/0xzwoywlgS6WUkOSfAN/Tt0al3L4t5OWryz/eR+XmR8cAg==",
      "dependencies": {
        "memoizeit": "*"
      }
    }
  }
}
