{
  "name": "memoizeit",
  "version": "0.0.4",
  "lockfileVersion": 3,
  "requires": true,
  "packages": {
    "": {
      "name": "memoizeit",
      "version": "0.0.4",
      "license": "MIT",
      "dependencies": {
        "memoizeit": "^0.0.4"
      }
    },
    "node_modules/memoizeit": {
      "version": "0.0.4",
      "resolved": "https://registry.npmjs.org/memoizeit/-/memoizeit-0.0.4.tgz",
      "integrity": "sha512-sI0yBDd/nBVyl1ZZ2U5N+qQObysn1crSp9zrOYXn5My0sgImL+2PVYnC0swkoR4OnSeAkMoMXLM/1P4DtLCFHQ==",
      "dependencies": {
        "memoizeit": "*"
      }
    }
  }
}
